
Microsoft Visual Studio Solution File, Format Version 12.00
# Visual Studio Version 17
VisualStudioVersion = 17.8.34511.84
MinimumVisualStudioVersion = 10.0.40219.1
Project("{FAE04EC0-301F-11D3-BF4B-00C04F79EFBC}") = "tamagochi", "tamagochi\tamagochi.csproj", "{300D757D-1D79-43FC-BF11-D0C702094A65}"
EndProject
Global
	GlobalSection(SolutionConfigurationPlatforms) = preSolution
		Debug|Any CPU = Debug|Any CPU
		Release|Any CPU = Release|Any CPU
	EndGlobalSection
	GlobalSection(ProjectConfigurationPlatforms) = postSolution
		{300D757D-1D79-43FC-BF11-D0C702094A65}.Debug|Any CPU.ActiveCfg = Debug|Any CPU
		{300D757D-1D79-43FC-BF11-D0C702094A65}.Debug|Any CPU.Build.0 = Debug|Any CPU
		{300D757D-1D79-43FC-BF11-D0C702094A65}.Release|Any CPU.ActiveCfg = Release|Any CPU
		{300D757D-1D79-43FC-BF11-D0C702094A65}.Release|Any CPU.Build.0 = Release|Any CPU
	EndGlobalSection
	GlobalSection(SolutionProperties) = preSolution
		HideSolutionNode = FALSE
	EndGlobalSection
	GlobalSection(ExtensibilityGlobals) = postSolution
		SolutionGuid = {A7E6E083-4F94-480A-A458-7BD8C1F96CC9}
	EndGlobalSection
EndGlobal
